// !$*UTF8*$!
{
	archiveVersion = 1;
	classes = {
	};
	objectVersion = 50;
	objects = {

/* Begin PBXBuildFile section */
		D3C88FA3261B864F00BC6075 /* AppDelegate.m in Sources */ = {isa = PBXBuildFile; fileRef = D3C88FA2261B864F00BC6075 /* AppDelegate.m */; };
		D3C88FA6261B864F00BC6075 /* SceneDelegate.m in Sources */ = {isa = PBXBuildFile; fileRef = D3C88FA5261B864F00BC6075 /* SceneDelegate.m */; };
		D3C88FA9261B864F00BC6075 /* ViewController.m in Sources */ = {isa = PBXBuildFile; fileRef = D3C88FA8261B864F00BC6075 /* ViewController.m */; };
		D3C88FAC261B865000BC6075 /* Main.storyboard in Resources */ = {isa = PBXBuildFile; fileRef = D3C88FAA261B865000BC6075 /* Main.storyboard */; };
		D3C88FAE261B865D00BC6075 /* Assets.xcassets in Resources */ = {isa = PBXBuildFile; fileRef = D3C88FAD261B865D00BC6075 /* Assets.xcassets */; };
		D3C88FB1261B865D00BC6075 /* LaunchScreen.storyboard in Resources */ = {isa = PBXBuildFile; fileRef = D3C88FAF261B865D00BC6075 /* LaunchScreen.storyboard */; };
		D3C88FB4261B865E00BC6075 /* main.m in Sources */ = {isa = PBXBuildFile; fileRef = D3C88FB3261B865E00BC6075 /* main.m */; };
/* End PBXBuildFile section */

/* Begin PBXFileReference section */
		D3C88F9E261B864E00BC6075 /* objectivCProject.app */ = {isa = PBXFileReference; explicitFileType = wrapper.application; includeInIndex = 0; path = objectivCProject.app; sourceTree = BUILT_PRODUCTS_DIR; };
		D3C88FA1261B864F00BC6075 /* AppDelegate.h */ = {isa = PBXFileReference; lastKnownFileType = sourcecode.c.h; path = AppDelegate.h; sourceTree = "<group>"; };
		D3C88FA2261B864F00BC6075 /* AppDelegate.m */ = {isa = PBXFileReference; lastKnownFileType = sourcecode.c.objc; path = AppDelegate.m; sourceTree = "<group>"; };
		D3C88FA4261B864F00BC6075 /* SceneDelegate.h */ = {isa = PBXFileReference; lastKnownFileType = sourcecode.c.h; path = SceneDelegate.h; sourceTree = "<group>"; };
		D3C88FA5261B864F00BC6075 /* SceneDelegate.m */ = {isa = PBXFileReference; lastKnownFileType = sourcecode.c.objc; path = SceneDelegate.m; sourceTree = "<group>"; };
		D3C88FA7261B864F00BC6075 /* ViewController.h */ = {isa = PBXFileReference; lastKnownFileType = sourcecode.c.h; path = ViewController.h; sourceTree = "<group>"; };
		D3C88FA8261B864F00BC6075 /* ViewController.m */ = {isa = PBXFileReference; lastKnownFileType = sourcecode.c.objc; path = ViewController.m; sourceTree = "<group>"; };
		D3C88FAB261B865000BC6075 /* Base */ = {isa = PBXFileReference; lastKnownFileType = file.storyboard; name = Base; path = Base.lproj/Main.storyboard; sourceTree = "<group>"; };
		D3C88FAD261B865D00BC6075 /* Assets.xcassets */ = {isa = PBXFileReference; lastKnownFileType = folder.assetcatalog; path = Assets.xcassets; sourceTree = "<group>"; };
		D3C88FB0261B865D00BC6075 /* Base */ = {isa = PBXFileReference; lastKnownFileType = file.storyboard; name = Base; path = Base.lproj/LaunchScreen.storyboard; sourceTree = "<group>"; };
		D3C88FB2261B865E00BC6075 /* Info.plist */ = {isa = PBXFileReference; lastKnownFileType = text.plist.xml; path = Info.plist; sourceTree = "<group>"; };
		D3C88FB3261B865E00BC6075 /* main.m */ = {isa = PBXFileReference; lastKnownFileType = sourcecode.c.objc; path = main.m; sourceTree = "<group>"; };
/* End PBXFileReference section */

/* Begin PBXFrameworksBuildPhase section */
		D3C88F9B261B864E00BC6075 /* Frameworks */ = {
			isa = PBXFrameworksBuildPhase;
			buildActionMask = 2147483647;
			files = (
			);
			runOnlyForDeploymentPostprocessing = 0;
		};
/* End PBXFrameworksBuildPhase section */

/* Begin PBXGroup section */
		D3C88F95261B864E00BC6075 = {
			isa = PBXGroup;
			children = (
				D3C88FA0261B864E00BC6075 /* objectivCProject */,
				D3C88F9F261B864E00BC6075 /* Products */,
			);
			sourceTree = "<group>";
		};
		D3C88F9F261B864E00BC6075 /* Products */ = {
			isa = PBXGroup;
			children = (
				D3C88F9E261B864E00BC6075 /* objectivCProject.app */,
			);
			name = Products;
			sourceTree = "<group>";
		};
		D3C88FA0261B864E00BC6075 /* objectivCProject */ = {
			isa = PBXGroup;
			children = (
				D3C88FA1261B864F00BC6075 /* AppDelegate.h */,
				D3C88FA2261B864F00BC6075 /* AppDelegate.m */,
				D3C88FA4261B864F00BC6075 /* SceneDelegate.h */,
				D3C88FA5261B864F00BC6075 /* SceneDelegate.m */,
				D3C88FA7261B864F00BC6075 /* ViewController.h */,
				D3C88FA8261B864F00BC6075 /* ViewController.m */,
				D3C88FAA261B865000BC6075 /* Main.storyboard */,
				D3C88FAD261B865D00BC6075 /* Assets.xcassets */,
				D3C88FAF261B865D00BC6075 /* LaunchScreen.storyboard */,
				D3C88FB2261B865E00BC6075 /* Info.plist */,
				D3C88FB3261B865E00BC6075 /* main.m */,
			);
			path = objectivCProject;
			sourceTree = "<group>";
		};
/* End PBXGroup section */

/* Begin PBXNativeTarget section */
		D3C88F9D261B864E00BC6075 /* objectivCProject */ = {
			isa = PBXNativeTarget;
			buildConfigurationList = D3C88FB7261B865E00BC6075 /* Build configuration list for PBXNativeTarget "objectivCProject" */;
			buildPhases = (
				D3C88F9A261B864E00BC6075 /* Sources */,
				D3C88F9B261B864E00BC6075 /* Frameworks */,
				D3C88F9C261B864E00BC6075 /* Resources */,
			);
			buildRules = (
			);
			dependencies = (
			);
			name = objectivCProject;
			productName = objectivCProject;
			productReference = D3C88F9E261B864E00BC6075 /* objectivCProject.app */;
			productType = "com.apple.product-type.application";
		};
/* End PBXNativeTarget section */

/* Begin PBXProject section */
		D3C88F96261B864E00BC6075 /* Project object */ = {
			isa = PBXProject;
			attributes = {
				LastUpgradeCheck = 1170;
				ORGANIZATIONNAME = "Abanob Wadie";
				TargetAttributes = {
					D3C88F9D261B864E00BC6075 = {
						CreatedOnToolsVersion = 11.7;
					};
				};
			};
			buildConfigurationList = D3C88F99261B864E00BC6075 /* Build configuration list for PBXProject "objectivCProject" */;
			compatibilityVersion = "Xcode 9.3";
			developmentRegion = en;
			hasScannedForEncodings = 0;
			knownRegions = (
				en,
				Base,
			);
			mainGroup = D3C88F95261B864E00BC6075;
			productRefGroup = D3C88F9F261B864E00BC6075 /* Products */;
			projectDirPath = "";
			projectRoot = "";
			targets = (
				D3C88F9D261B864E00BC6075 /* objectivCProject */,
			);
		};
/* End PBXProject section */

/* Begin PBXResourcesBuildPhase section */
		D3C88F9C261B864E00BC6075 /* Resources */ = {
			isa = PBXResourcesBuildPhase;
			buildActionMask = 2147483647;
			files = (
				D3C88FB1261B865D00BC6075 /* LaunchScreen.storyboard in Resources */,
				D3C88FAE261B865D00BC6075 /* Assets.xcassets in Resources */,
				D3C88FAC261B865000BC6075 /* Main.storyboard in Resources */,
			);
			runOnlyForDeploymentPostprocessing = 0;
		};
/* End PBXResourcesBuildPhase section */

/* Begin PBXSourcesBuildPhase section */
		D3C88F9A261B864E00BC6075 /* Sources */ = {
			isa = PBXSourcesBuildPhase;
			buildActionMask = 2147483647;
			files = (
				D3C88FA9261B864F00BC6075 /* ViewController.m in Sources */,
				D3C88FA3261B864F00BC6075 /* AppDelegate.m in Sources */,
				D3C88FB4261B865E00BC6075 /* main.m in Sources */,
				D3C88FA6261B864F00BC6075 /* SceneDelegate.m in Sources */,
			);
			runOnlyForDeploymentPostprocessing = 0;
		};
/* End PBXSourcesBuildPhase section */

/* Begin PBXVariantGroup section */
		D3C88FAA261B865000BC6075 /* Main.storyboard */ = {
			isa = PBXVariantGroup;
			children = (
				D3C88FAB261B865000BC6075 /* Base */,
			);
			name = Main.storyboard;
			sourceTree = "<group>";
		};
		D3C88FAF261B865D00BC6075 /* LaunchScreen.storyboard */ = {
			isa = PBXVariantGroup;
			children = (
				D3C88FB0261B865D00BC6075 /* Base */,
			);
			name = LaunchScreen.storyboard;
			sourceTree = "<group>";
		};
/* End PBXVariantGroup section */

/* Begin XCBuildConfiguration section */
		D3C88FB5261B865E00BC6075 /* Debug */ = {
			isa = XCBuildConfiguration;
			buildSettings = {
				ALWAYS_SEARCH_USER_PATHS = NO;
				CLANG_ANALYZER_NONNULL = YES;
				CLANG_ANALYZER_NUMBER_OBJECT_CONVERSION = YES_AGGRESSIVE;
				CLANG_CXX_LANGUAGE_STANDARD = "gnu++14";
				CLANG_CXX_LIBRARY = "libc++";
				CLANG_ENABLE_MODULES = YES;
				CLANG_ENABLE_OBJC_ARC = YES;
				CLANG_ENABLE_OBJC_WEAK = YES;
				CLANG_WARN_BLOCK_CAPTURE_AUTORELEASING = YES;
				CLANG_WARN_BOOL_CONVERSION = YES;
				CLANG_WARN_COMMA = YES;
				CLANG_WARN_CONSTANT_CONVERSION = YES;
				CLANG_WARN_DEPRECATED_OBJC_IMPLEMENTATIONS = YES;
				CLANG_WARN_DIRECT_OBJC_ISA_USAGE = YES_ERROR;
				CLANG_WARN_DOCUMENTATION_COMMENTS = YES;
				CLANG_WARN_EMPTY_BODY = YES;
				CLANG_WARN_ENUM_CONVERSION = YES;
				CLANG_WARN_INFINITE_RECURSION = YES;
				CLANG_WARN_INT_CONVERSION = YES;
				CLANG_WARN_NON_LITERAL_NULL_CONVERSION = YES;
				CLANG_WARN_OBJC_IMPLICIT_RETAIN_SELF = YES;
				CLANG_WARN_OBJC_LITERAL_CONVERSION = YES;
				CLANG_WARN_OBJC_ROOT_CLASS = YES_ERROR;
				CLANG_WARN_RANGE_LOOP_ANALYSIS = YES;
				CLANG_WARN_STRICT_PROTOTYPES = YES;
				CLANG_WARN_SUSPICIOUS_MOVE = YES;
				CLANG_WARN_UNGUARDED_AVAILABILITY = YES_AGGRESSIVE;
				CLANG_WARN_UNREACHABLE_CODE = YES;
				CLANG_WARN__DUPLICATE_METHOD_MATCH = YES;
				COPY_PHASE_STRIP = NO;
				DEBUG_INFORMATION_FORMAT = dwarf;
				ENABLE_STRICT_OBJC_MSGSEND = YES;
				ENABLE_TESTABILITY = YES;
				GCC_C_LANGUAGE_STANDARD = gnu11;
				GCC_DYNAMIC_NO_PIC = NO;
				GCC_NO_COMMON_BLOCKS = YES;
				GCC_OPTIMIZATION_LEVEL = 0;
				GCC_PREPROCESSOR_DEFINITIONS = (
					"DEBUG=1",
					"$(inherited)",
				);
				GCC_WARN_64_TO_32_BIT_CONVERSION = YES;
				GCC_WARN_ABOUT_RETURN_TYPE = YES_ERROR;
				GCC_WARN_UNDECLARED_SELECTOR = YES;
				GCC_WARN_UNINITIALIZED_AUTOS = YES_AGGRESSIVE;
				GCC_WARN_UNUSED_FUNCTION = YES;
				GCC_WARN_UNUSED_VARIABLE = YES;
				IPHONEOS_DEPLOYMENT_TARGET = 13.7;
				MTL_ENABLE_DEBUG_INFO = INCLUDE_SOURCE;
				MTL_FAST_MATH = YES;
				ONLY_ACTIVE_ARCH = YES;
				SDKROOT = iphoneos;
			};
			name = Debug;
		};
		D3C88FB6261B865E00BC6075 /* Release */ = {
			isa = XCBuildConfiguration;
			buildSettings = {
				ALWAYS_SEARCH_USER_PATHS = NO;
				CLANG_ANALYZER_NONNULL = YES;
				CLANG_ANALYZER_NUMBER_OBJECT_CONVERSION = YES_AGGRESSIVE;
				CLANG_CXX_LANGUAGE_STANDARD = "gnu++14";
				CLANG_CXX_LIBRARY = "libc++";
				CLANG_ENABLE_MODULES = YES;
				CLANG_ENABLE_OBJC_ARC = YES;
				CLANG_ENABLE_OBJC_WEAK = YES;
				CLANG_WARN_BLOCK_CAPTURE_AUTORELEASING = YES;
				CLANG_WARN_BOOL_CONVERSION = YES;
				CLANG_WARN_COMMA = YES;
				CLANG_WARN_CONSTANT_CONVERSION = YES;
				CLANG_WARN_DEPRECATED_OBJC_IMPLEMENTATIONS = YES;
				CLANG_WARN_DIRECT_OBJC_ISA_USAGE = YES_ERROR;
				CLANG_WARN_DOCUMENTATION_COMMENTS = YES;
				CLANG_WARN_EMPTY_BODY = YES;
				CLANG_WARN_ENUM_CONVERSION = YES;
				CLANG_WARN_INFINITE_RECURSION = YES;
				CLANG_WARN_INT_CONVERSION = YES;
				CLANG_WARN_NON_LITERAL_NULL_CONVERSION = YES;
				CLANG_WARN_OBJC_IMPLICIT_RETAIN_SELF = YES;
				CLANG_WARN_OBJC_LITERAL_CONVERSION = YES;
				CLANG_WARN_OBJC_ROOT_CLASS = YES_ERROR;
				CLANG_WARN_RANGE_LOOP_ANALYSIS = YES;
				CLANG_WARN_STRICT_PROTOTYPES = YES;
				CLANG_WARN_SUSPICIOUS_MOVE = YES;
				CLANG_WARN_UNGUARDED_AVAILABILITY = YES_AGGRESSIVE;
				CLANG_WARN_UNREACHABLE_CODE = YES;
				CLANG_WARN__DUPLICATE_METHOD_MATCH = YES;
				COPY_PHASE_STRIP = NO;
				DEBUG_INFORMATION_FORMAT = "dwarf-with-dsym";
				ENABLE_NS_ASSERTIONS = NO;
				ENABLE_STRICT_OBJC_MSGSEND = YES;
				GCC_C_LANGUAGE_STANDARD = gnu11;
				GCC_NO_COMMON_BLOCKS = YES;
				GCC_WARN_64_TO_32_BIT_CONVERSION = YES;
				GCC_WARN_ABOUT_RETURN_TYPE = YES_ERROR;
				GCC_WARN_UNDECLARED_SELECTOR = YES;
				GCC_WARN_UNINITIALIZED_AUTOS = YES_AGGRESSIVE;
				GCC_WARN_UNUSED_FUNCTION = YES;
				GCC_WARN_UNUSED_VARIABLE = YES;
				IPHONEOS_DEPLOYMENT_TARGET = 13.7;
				MTL_ENABLE_DEBUG_INFO = NO;
				MTL_FAST_MATH = YES;
				SDKROOT = iphoneos;
				VALIDATE_PRODUCT = YES;
			};
			name = Release;
		};
		D3C88FB8261B865E00BC6075 /* Debug */ = {
			isa = XCBuildConfiguration;
			buildSettings = {
				ASSETCATALOG_COMPILER_APPICON_NAME = AppIcon;
				CODE_SIGN_STYLE = Automatic;
				DEVELOPMENT_TEAM = W7DFJB5NCS;
				INFOPLIST_FILE = objectivCProject/Info.plist;
				LD_RUNPATH_SEARCH_PATHS = (
					"$(inherited)",
					"@executable_path/Frameworks",
				);
				PRODUCT_BUNDLE_IDENTIFIER = com.objectivCProject;
				PRODUCT_NAME = "$(TARGET_NAME)";
				TARGETED_DEVICE_FAMILY = "1,2";
			};
			name = Debug;
		};
		D3C88FB9261B865E00BC6075 /* Release */ = {
			isa = XCBuildConfiguration;
			buildSettings = {
				ASSETCATALOG_COMPILER_APPICON_NAME = AppIcon;
				CODE_SIGN_STYLE = Automatic;
				DEVELOPMENT_TEAM = W7DFJB5NCS;
				INFOPLIST_FILE = objectivCProject/Info.plist;
				LD_RUNPATH_SEARCH_PATHS = (
					"$(inherited)",
					"@executable_path/Frameworks",
				);
				PRODUCT_BUNDLE_IDENTIFIER = com.objectivCProject;
				PRODUCT_NAME = "$(TARGET_NAME)";
				TARGETED_DEVICE_FAMILY = "1,2";
			};
			name = Release;
		};
/* End XCBuildConfiguration section */

/* Begin XCConfigurationList section */
		D3C88F99261B864E00BC6075 /* Build configuration list for PBXProject "objectivCProject" */ = {
			isa = XCConfigurationList;
			buildConfigurations = (
				D3C88FB5261B865E00BC6075 /* Debug */,
				D3C88FB6261B865E00BC6075 /* Release */,
			);
			defaultConfigurationIsVisible = 0;
			defaultConfigurationName = Release;
		};
		D3C88FB7261B865E00BC6075 /* Build configuration list for PBXNativeTarget "objectivCProject" */ = {
			isa = XCConfigurationList;
			buildConfigurations = (
				D3C88FB8261B865E00BC6075 /* Debug */,
				D3C88FB9261B865E00BC6075 /* Release */,
			);
			defaultConfigurationIsVisible = 0;
			defaultConfigurationName = Release;
		};
/* End XCConfigurationList section */
	};
	rootObject = D3C88F96261B864E00BC6075 /* Project object */;
}
